
Microsoft Visual Studio Solution File, Format Version 12.00
# Visual Studio Version 16
VisualStudioVersion = 16.0.31515.178
MinimumVisualStudioVersion = 10.0.40219.1
Project("{2150E333-8FDC-42A3-9474-1A3956D46DE8}") = "NRX", "NRX", "{9BDC0000-E2FC-4CD2-93E2-2E768B361574}"
EndProject
Project("{2150E333-8FDC-42A3-9474-1A3956D46DE8}") = ".NET", ".NET", "{DFD5110C-185E-40E4-B8DF-2E4EEF046CC3}"
EndProject
Project("{2150E333-8FDC-42A3-9474-1A3956D46DE8}") = "CrossCircle", "CrossCircle", "{62446312-613F-4EF1-9704-0D581767F0C2}"
EndProject
Project("{2150E333-8FDC-42A3-9474-1A3956D46DE8}") = "MultiCAD.NET", "MultiCAD.NET", "{D454073F-E8EE-453E-A536-1D70CC33DE9C}"
EndProject
Project("{8BC9CEB8-8B4A-11D0-8D11-00A0C91BC942}") = "StartCAD", "StartCAD\StartCAD.vcxproj", "{6464EBFB-70BE-42B5-A8B8-B9560C15DEF8}"
	ProjectSection(ProjectDependencies) = postProject
		{A8C63A28-5D03-46F9-AF7E-343C56980B60} = {A8C63A28-5D03-46F9-AF7E-343C56980B60}
		{D1832859-0B79-4719-B05D-E3E2241A1CDD} = {D1832859-0B79-4719-B05D-E3E2241A1CDD}
		{B19B6A5E-7451-4BEE-B373-143E42B9704B} = {B19B6A5E-7451-4BEE-B373-143E42B9704B}
		{389C7CDA-FCF8-458B-B93E-3B140297D748} = {389C7CDA-FCF8-458B-B93E-3B140297D748}
		{745C0CEA-48A0-4F92-8C28-95CFB13870FD} = {745C0CEA-48A0-4F92-8C28-95CFB13870FD}
	EndProjectSection
EndProject
Project("{8BC9CEB8-8B4A-11D0-8D11-00A0C91BC942}") = "CrossCircle", "NRX\CrossCircle\CrossCircle\CrossCircle.vcxproj", "{A0ADE616-5D25-434A-9596-B930C11E1632}"
EndProject
Project("{8BC9CEB8-8B4A-11D0-8D11-00A0C91BC942}") = "CrossCircleUI", "NRX\CrossCircle\CrossCircleUI\CrossCircleUI.vcxproj", "{260BAE81-4957-4241-92D7-46CDF84BF227}"
EndProject
Project("{8BC9CEB8-8B4A-11D0-8D11-00A0C91BC942}") = "CrossCircleMg", "NRX\CrossCircle\CrossCircleMg\MgCrossCircle.vcxproj", "{E1FCED5F-6A2E-421E-84DE-72ACA234B28F}"
EndProject
Project("{FAE04EC0-301F-11D3-BF4B-00C04F79EFBC}") = "CrossCircleMgdList", "Mgd\CrossCircleMgdList\CrossCircleMgdList.csproj", "{DBE70F8B-C542-4596-A4A7-AD14A66B6608}"
	ProjectSection(ProjectDependencies) = postProject
		{E1FCED5F-6A2E-421E-84DE-72ACA234B28F} = {E1FCED5F-6A2E-421E-84DE-72ACA234B28F}
	EndProjectSection
EndProject
Project("{FAE04EC0-301F-11D3-BF4B-00C04F79EFBC}") = "HelloHost", "Mgd\HelloHost\HelloHost.csproj", "{2F39B50B-BD9F-4FF8-A17F-B51925F4D95D}"
EndProject
Project("{FAE04EC0-301F-11D3-BF4B-00C04F79EFBC}") = "CustomObjects", "Mgd\CustomObjects\CustomObjects.csproj", "{B19B6A5E-7451-4BEE-B373-143E42B9704B}"
EndProject
Project("{FAE04EC0-301F-11D3-BF4B-00C04F79EFBC}") = "SymbolsMgd", "Mgd\SymbolsMgd\SymbolsMgd.csproj", "{D1832859-0B79-4719-B05D-E3E2241A1CDD}"
EndProject
Project("{F184B08F-C81C-45F6-A57F-5ABD9991F28F}") = "HelloHostVB", "Mgd\HelloHostVB\HelloHostVB.vbproj", "{389C7CDA-FCF8-458B-B93E-3B140297D748}"
EndProject
Project("{8BC9CEB8-8B4A-11D0-8D11-00A0C91BC942}") = "HelloNRX", "NRX\HelloNRX\HelloNRX.vcxproj", "{A8C63A28-5D03-46F9-AF7E-343C56980B60}"
EndProject
Project("{2150E333-8FDC-42A3-9474-1A3956D46DE8}") = "Menu", "Menu", "{C0337EB4-7285-47A0-B5EC-BB0C59BAD0EE}"
EndProject
Project("{8BC9CEB8-8B4A-11D0-8D11-00A0C91BC942}") = "MenuRes", "Menu\MenuRes\MenuRes.vcxproj", "{745C0CEA-48A0-4F92-8C28-95CFB13870FD}"
EndProject
Project("{8BC9CEB8-8B4A-11D0-8D11-00A0C91BC942}") = "CrossCircleUIHex", "NRX\CrossCircle\CrossCircleUIHex\CrossCircleUIHex.vcxproj", "{F0AFFF05-168E-4C49-A5ED-DFF8283E9171}"
EndProject
Global
	GlobalSection(SolutionConfigurationPlatforms) = preSolution
		Debug ACAD|Win32 = Debug ACAD|Win32
		Debug ACAD|x64 = Debug ACAD|x64
		Debug NCAD|Win32 = Debug NCAD|Win32
		Debug NCAD|x64 = Debug NCAD|x64
		Release ACAD|Win32 = Release ACAD|Win32
		Release ACAD|x64 = Release ACAD|x64
		Release NCAD|Win32 = Release NCAD|Win32
		Release NCAD|x64 = Release NCAD|x64
	EndGlobalSection
	GlobalSection(ProjectConfigurationPlatforms) = postSolution
		{6464EBFB-70BE-42B5-A8B8-B9560C15DEF8}.Debug ACAD|Win32.ActiveCfg = Debug ACAD|Win32
		{6464EBFB-70BE-42B5-A8B8-B9560C15DEF8}.Debug ACAD|x64.ActiveCfg = Debug ACAD|x64
		{6464EBFB-70BE-42B5-A8B8-B9560C15DEF8}.Debug NCAD|Win32.ActiveCfg = Debug NCAD|Win32
		{6464EBFB-70BE-42B5-A8B8-B9560C15DEF8}.Debug NCAD|x64.ActiveCfg = Debug NCAD|x64
		{6464EBFB-70BE-42B5-A8B8-B9560C15DEF8}.Release ACAD|Win32.ActiveCfg = Release ACAD|Win32
		{6464EBFB-70BE-42B5-A8B8-B9560C15DEF8}.Release ACAD|x64.ActiveCfg = Release ACAD|x64
		{6464EBFB-70BE-42B5-A8B8-B9560C15DEF8}.Release NCAD|Win32.ActiveCfg = Release NCAD|Win32
		{6464EBFB-70BE-42B5-A8B8-B9560C15DEF8}.Release NCAD|x64.ActiveCfg = Release NCAD|x64
		{A0ADE616-5D25-434A-9596-B930C11E1632}.Debug ACAD|Win32.ActiveCfg = Debug ACAD|Win32
		{A0ADE616-5D25-434A-9596-B930C11E1632}.Debug ACAD|Win32.Build.0 = Debug ACAD|Win32
		{A0ADE616-5D25-434A-9596-B930C11E1632}.Debug ACAD|x64.ActiveCfg = Debug ACAD|x64
		{A0ADE616-5D25-434A-9596-B930C11E1632}.Debug ACAD|x64.Build.0 = Debug ACAD|x64
		{A0ADE616-5D25-434A-9596-B930C11E1632}.Debug NCAD|Win32.ActiveCfg = Debug NCAD|Win32
		{A0ADE616-5D25-434A-9596-B930C11E1632}.Debug NCAD|Win32.Build.0 = Debug NCAD|Win32
		{A0ADE616-5D25-434A-9596-B930C11E1632}.Debug NCAD|x64.ActiveCfg = Debug NCAD|x64
		{A0ADE616-5D25-434A-9596-B930C11E1632}.Debug NCAD|x64.Build.0 = Debug NCAD|x64
		{A0ADE616-5D25-434A-9596-B930C11E1632}.Release ACAD|Win32.ActiveCfg = Release ACAD|Win32
		{A0ADE616-5D25-434A-9596-B930C11E1632}.Release ACAD|Win32.Build.0 = Release ACAD|Win32
		{A0ADE616-5D25-434A-9596-B930C11E1632}.Release ACAD|x64.ActiveCfg = Release ACAD|x64
		{A0ADE616-5D25-434A-9596-B930C11E1632}.Release ACAD|x64.Build.0 = Release ACAD|x64
		{A0ADE616-5D25-434A-9596-B930C11E1632}.Release NCAD|Win32.ActiveCfg = Release NCAD|Win32
		{A0ADE616-5D25-434A-9596-B930C11E1632}.Release NCAD|Win32.Build.0 = Release NCAD|Win32
		{A0ADE616-5D25-434A-9596-B930C11E1632}.Release NCAD|x64.ActiveCfg = Release NCAD|x64
		{A0ADE616-5D25-434A-9596-B930C11E1632}.Release NCAD|x64.Build.0 = Release NCAD|x64
		{260BAE81-4957-4241-92D7-46CDF84BF227}.Debug ACAD|Win32.ActiveCfg = Debug ACAD|Win32
		{260BAE81-4957-4241-92D7-46CDF84BF227}.Debug ACAD|Win32.Build.0 = Debug ACAD|Win32
		{260BAE81-4957-4241-92D7-46CDF84BF227}.Debug ACAD|x64.ActiveCfg = Debug ACAD|x64
		{260BAE81-4957-4241-92D7-46CDF84BF227}.Debug ACAD|x64.Build.0 = Debug ACAD|x64
		{260BAE81-4957-4241-92D7-46CDF84BF227}.Debug NCAD|Win32.ActiveCfg = Debug NCAD|Win32
		{260BAE81-4957-4241-92D7-46CDF84BF227}.Debug NCAD|Win32.Build.0 = Debug NCAD|Win32
		{260BAE81-4957-4241-92D7-46CDF84BF227}.Debug NCAD|x64.ActiveCfg = Debug NCAD|x64
		{260BAE81-4957-4241-92D7-46CDF84BF227}.Debug NCAD|x64.Build.0 = Debug NCAD|x64
		{260BAE81-4957-4241-92D7-46CDF84BF227}.Release ACAD|Win32.ActiveCfg = Release ACAD|Win32
		{260BAE81-4957-4241-92D7-46CDF84BF227}.Release ACAD|Win32.Build.0 = Release ACAD|Win32
		{260BAE81-4957-4241-92D7-46CDF84BF227}.Release ACAD|x64.ActiveCfg = Release ACAD|x64
		{260BAE81-4957-4241-92D7-46CDF84BF227}.Release ACAD|x64.Build.0 = Release ACAD|x64
		{260BAE81-4957-4241-92D7-46CDF84BF227}.Release NCAD|Win32.ActiveCfg = Release NCAD|Win32
		{260BAE81-4957-4241-92D7-46CDF84BF227}.Release NCAD|Win32.Build.0 = Release NCAD|Win32
		{260BAE81-4957-4241-92D7-46CDF84BF227}.Release NCAD|x64.ActiveCfg = Release NCAD|x64
		{260BAE81-4957-4241-92D7-46CDF84BF227}.Release NCAD|x64.Build.0 = Release NCAD|x64
		{E1FCED5F-6A2E-421E-84DE-72ACA234B28F}.Debug ACAD|Win32.ActiveCfg = Debug ACAD|Win32
		{E1FCED5F-6A2E-421E-84DE-72ACA234B28F}.Debug ACAD|Win32.Build.0 = Debug ACAD|Win32
		{E1FCED5F-6A2E-421E-84DE-72ACA234B28F}.Debug ACAD|x64.ActiveCfg = Debug ACAD|x64
		{E1FCED5F-6A2E-421E-84DE-72ACA234B28F}.Debug ACAD|x64.Build.0 = Debug ACAD|x64
		{E1FCED5F-6A2E-421E-84DE-72ACA234B28F}.Debug NCAD|Win32.ActiveCfg = Debug NCAD|Win32
		{E1FCED5F-6A2E-421E-84DE-72ACA234B28F}.Debug NCAD|Win32.Build.0 = Debug NCAD|Win32
		{E1FCED5F-6A2E-421E-84DE-72ACA234B28F}.Debug NCAD|x64.ActiveCfg = Debug NCAD|x64
		{E1FCED5F-6A2E-421E-84DE-72ACA234B28F}.Debug NCAD|x64.Build.0 = Debug NCAD|x64
		{E1FCED5F-6A2E-421E-84DE-72ACA234B28F}.Release ACAD|Win32.ActiveCfg = Release ACAD|Win32
		{E1FCED5F-6A2E-421E-84DE-72ACA234B28F}.Release ACAD|Win32.Build.0 = Release ACAD|Win32
		{E1FCED5F-6A2E-421E-84DE-72ACA234B28F}.Release ACAD|x64.ActiveCfg = Release ACAD|x64
		{E1FCED5F-6A2E-421E-84DE-72ACA234B28F}.Release ACAD|x64.Build.0 = Release ACAD|x64
		{E1FCED5F-6A2E-421E-84DE-72ACA234B28F}.Release NCAD|Win32.ActiveCfg = Release NCAD|Win32
		{E1FCED5F-6A2E-421E-84DE-72ACA234B28F}.Release NCAD|Win32.Build.0 = Release NCAD|Win32
		{E1FCED5F-6A2E-421E-84DE-72ACA234B28F}.Release NCAD|x64.ActiveCfg = Release NCAD|x64
		{E1FCED5F-6A2E-421E-84DE-72ACA234B28F}.Release NCAD|x64.Build.0 = Release NCAD|x64
		{DBE70F8B-C542-4596-A4A7-AD14A66B6608}.Debug ACAD|Win32.ActiveCfg = Debug ACAD|x86
		{DBE70F8B-C542-4596-A4A7-AD14A66B6608}.Debug ACAD|Win32.Build.0 = Debug ACAD|x86
		{DBE70F8B-C542-4596-A4A7-AD14A66B6608}.Debug ACAD|x64.ActiveCfg = Debug ACAD|x64
		{DBE70F8B-C542-4596-A4A7-AD14A66B6608}.Debug ACAD|x64.Build.0 = Debug ACAD|x64
		{DBE70F8B-C542-4596-A4A7-AD14A66B6608}.Debug NCAD|Win32.ActiveCfg = Debug NCAD|x86
		{DBE70F8B-C542-4596-A4A7-AD14A66B6608}.Debug NCAD|Win32.Build.0 = Debug NCAD|x86
		{DBE70F8B-C542-4596-A4A7-AD14A66B6608}.Debug NCAD|x64.ActiveCfg = Debug NCAD|x64
		{DBE70F8B-C542-4596-A4A7-AD14A66B6608}.Debug NCAD|x64.Build.0 = Debug NCAD|x64
		{DBE70F8B-C542-4596-A4A7-AD14A66B6608}.Release ACAD|Win32.ActiveCfg = Release ACAD|x86
		{DBE70F8B-C542-4596-A4A7-AD14A66B6608}.Release ACAD|Win32.Build.0 = Release ACAD|x86
		{DBE70F8B-C542-4596-A4A7-AD14A66B6608}.Release ACAD|x64.ActiveCfg = Release ACAD|x64
		{DBE70F8B-C542-4596-A4A7-AD14A66B6608}.Release ACAD|x64.Build.0 = Release ACAD|x64
		{DBE70F8B-C542-4596-A4A7-AD14A66B6608}.Release NCAD|Win32.ActiveCfg = Release NCAD|x86
		{DBE70F8B-C542-4596-A4A7-AD14A66B6608}.Release NCAD|Win32.Build.0 = Release NCAD|x86
		{DBE70F8B-C542-4596-A4A7-AD14A66B6608}.Release NCAD|x64.ActiveCfg = Release NCAD|x64
		{DBE70F8B-C542-4596-A4A7-AD14A66B6608}.Release NCAD|x64.Build.0 = Release NCAD|x64
		{2F39B50B-BD9F-4FF8-A17F-B51925F4D95D}.Debug ACAD|Win32.ActiveCfg = Debug ACAD|x86
		{2F39B50B-BD9F-4FF8-A17F-B51925F4D95D}.Debug ACAD|Win32.Build.0 = Debug ACAD|x86
		{2F39B50B-BD9F-4FF8-A17F-B51925F4D95D}.Debug ACAD|x64.ActiveCfg = Debug ACAD|x64
		{2F39B50B-BD9F-4FF8-A17F-B51925F4D95D}.Debug ACAD|x64.Build.0 = Debug ACAD|x64
		{2F39B50B-BD9F-4FF8-A17F-B51925F4D95D}.Debug NCAD|Win32.ActiveCfg = Debug NCAD|x86
		{2F39B50B-BD9F-4FF8-A17F-B51925F4D95D}.Debug NCAD|Win32.Build.0 = Debug NCAD|x86
		{2F39B50B-BD9F-4FF8-A17F-B51925F4D95D}.Debug NCAD|x64.ActiveCfg = Debug NCAD|x64
		{2F39B50B-BD9F-4FF8-A17F-B51925F4D95D}.Debug NCAD|x64.Build.0 = Debug NCAD|x64
		{2F39B50B-BD9F-4FF8-A17F-B51925F4D95D}.Release ACAD|Win32.ActiveCfg = Release ACAD|x86
		{2F39B50B-BD9F-4FF8-A17F-B51925F4D95D}.Release ACAD|Win32.Build.0 = Release ACAD|x86
		{2F39B50B-BD9F-4FF8-A17F-B51925F4D95D}.Release ACAD|x64.ActiveCfg = Release ACAD|x64
		{2F39B50B-BD9F-4FF8-A17F-B51925F4D95D}.Release ACAD|x64.Build.0 = Release ACAD|x64
		{2F39B50B-BD9F-4FF8-A17F-B51925F4D95D}.Release NCAD|Win32.ActiveCfg = Release NCAD|x86
		{2F39B50B-BD9F-4FF8-A17F-B51925F4D95D}.Release NCAD|Win32.Build.0 = Release NCAD|x86
		{2F39B50B-BD9F-4FF8-A17F-B51925F4D95D}.Release NCAD|x64.ActiveCfg = Release NCAD|x64
		{2F39B50B-BD9F-4FF8-A17F-B51925F4D95D}.Release NCAD|x64.Build.0 = Release NCAD|x64
		{B19B6A5E-7451-4BEE-B373-143E42B9704B}.Debug ACAD|Win32.ActiveCfg = Debug|x86
		{B19B6A5E-7451-4BEE-B373-143E42B9704B}.Debug ACAD|Win32.Build.0 = Debug|x86
		{B19B6A5E-7451-4BEE-B373-143E42B9704B}.Debug ACAD|x64.ActiveCfg = Debug|x64
		{B19B6A5E-7451-4BEE-B373-143E42B9704B}.Debug ACAD|x64.Build.0 = Debug|x64
		{B19B6A5E-7451-4BEE-B373-143E42B9704B}.Debug NCAD|Win32.ActiveCfg = Debug|x86
		{B19B6A5E-7451-4BEE-B373-143E42B9704B}.Debug NCAD|Win32.Build.0 = Debug|x86
		{B19B6A5E-7451-4BEE-B373-143E42B9704B}.Debug NCAD|x64.ActiveCfg = Debug|x64
		{B19B6A5E-7451-4BEE-B373-143E42B9704B}.Debug NCAD|x64.Build.0 = Debug|x64
		{B19B6A5E-7451-4BEE-B373-143E42B9704B}.Release ACAD|Win32.ActiveCfg = Release|x86
		{B19B6A5E-7451-4BEE-B373-143E42B9704B}.Release ACAD|Win32.Build.0 = Release|x86
		{B19B6A5E-7451-4BEE-B373-143E42B9704B}.Release ACAD|x64.ActiveCfg = Release|x64
		{B19B6A5E-7451-4BEE-B373-143E42B9704B}.Release ACAD|x64.Build.0 = Release|x64
		{B19B6A5E-7451-4BEE-B373-143E42B9704B}.Release NCAD|Win32.ActiveCfg = Release|x86
		{B19B6A5E-7451-4BEE-B373-143E42B9704B}.Release NCAD|Win32.Build.0 = Release|x86
		{B19B6A5E-7451-4BEE-B373-143E42B9704B}.Release NCAD|x64.ActiveCfg = Release|x64
		{B19B6A5E-7451-4BEE-B373-143E42B9704B}.Release NCAD|x64.Build.0 = Release|x64
		{D1832859-0B79-4719-B05D-E3E2241A1CDD}.Debug ACAD|Win32.ActiveCfg = Debug|x86
		{D1832859-0B79-4719-B05D-E3E2241A1CDD}.Debug ACAD|Win32.Build.0 = Debug|x86
		{D1832859-0B79-4719-B05D-E3E2241A1CDD}.Debug ACAD|x64.ActiveCfg = Debug|x64
		{D1832859-0B79-4719-B05D-E3E2241A1CDD}.Debug ACAD|x64.Build.0 = Debug|x64
		{D1832859-0B79-4719-B05D-E3E2241A1CDD}.Debug NCAD|Win32.ActiveCfg = Debug|x86
		{D1832859-0B79-4719-B05D-E3E2241A1CDD}.Debug NCAD|Win32.Build.0 = Debug|x86
		{D1832859-0B79-4719-B05D-E3E2241A1CDD}.Debug NCAD|x64.ActiveCfg = Debug|x64
		{D1832859-0B79-4719-B05D-E3E2241A1CDD}.Debug NCAD|x64.Build.0 = Debug|x64
		{D1832859-0B79-4719-B05D-E3E2241A1CDD}.Release ACAD|Win32.ActiveCfg = Release|x86
		{D1832859-0B79-4719-B05D-E3E2241A1CDD}.Release ACAD|Win32.Build.0 = Release|x86
		{D1832859-0B79-4719-B05D-E3E2241A1CDD}.Release ACAD|x64.ActiveCfg = Release|x64
		{D1832859-0B79-4719-B05D-E3E2241A1CDD}.Release ACAD|x64.Build.0 = Release|x64
		{D1832859-0B79-4719-B05D-E3E2241A1CDD}.Release NCAD|Win32.ActiveCfg = Release|x86
		{D1832859-0B79-4719-B05D-E3E2241A1CDD}.Release NCAD|Win32.Build.0 = Release|x86
		{D1832859-0B79-4719-B05D-E3E2241A1CDD}.Release NCAD|x64.ActiveCfg = Release|x64
		{D1832859-0B79-4719-B05D-E3E2241A1CDD}.Release NCAD|x64.Build.0 = Release|x64
		{389C7CDA-FCF8-458B-B93E-3B140297D748}.Debug ACAD|Win32.ActiveCfg = Debug ACAD|x86
		{389C7CDA-FCF8-458B-B93E-3B140297D748}.Debug ACAD|Win32.Build.0 = Debug ACAD|x86
		{389C7CDA-FCF8-458B-B93E-3B140297D748}.Debug ACAD|x64.ActiveCfg = Debug ACAD|x64
		{389C7CDA-FCF8-458B-B93E-3B140297D748}.Debug ACAD|x64.Build.0 = Debug ACAD|x64
		{389C7CDA-FCF8-458B-B93E-3B140297D748}.Debug NCAD|Win32.ActiveCfg = Debug NCAD|x86
		{389C7CDA-FCF8-458B-B93E-3B140297D748}.Debug NCAD|Win32.Build.0 = Debug NCAD|x86
		{389C7CDA-FCF8-458B-B93E-3B140297D748}.Debug NCAD|x64.ActiveCfg = Debug NCAD|x64
		{389C7CDA-FCF8-458B-B93E-3B140297D748}.Debug NCAD|x64.Build.0 = Debug NCAD|x64
		{389C7CDA-FCF8-458B-B93E-3B140297D748}.Release ACAD|Win32.ActiveCfg = Release ACAD|x86
		{389C7CDA-FCF8-458B-B93E-3B140297D748}.Release ACAD|Win32.Build.0 = Release ACAD|x86
		{389C7CDA-FCF8-458B-B93E-3B140297D748}.Release ACAD|x64.ActiveCfg = Release ACAD|x64
		{389C7CDA-FCF8-458B-B93E-3B140297D748}.Release ACAD|x64.Build.0 = Release ACAD|x64
		{389C7CDA-FCF8-458B-B93E-3B140297D748}.Release NCAD|Win32.ActiveCfg = Release NCAD|x86
		{389C7CDA-FCF8-458B-B93E-3B140297D748}.Release NCAD|Win32.Build.0 = Release NCAD|x86
		{389C7CDA-FCF8-458B-B93E-3B140297D748}.Release NCAD|x64.ActiveCfg = Release NCAD|x64
		{389C7CDA-FCF8-458B-B93E-3B140297D748}.Release NCAD|x64.Build.0 = Release NCAD|x64
		{A8C63A28-5D03-46F9-AF7E-343C56980B60}.Debug ACAD|Win32.ActiveCfg = Debug ACAD|Win32
		{A8C63A28-5D03-46F9-AF7E-343C56980B60}.Debug ACAD|Win32.Build.0 = Debug ACAD|Win32
		{A8C63A28-5D03-46F9-AF7E-343C56980B60}.Debug ACAD|x64.ActiveCfg = Debug ACAD|x64
		{A8C63A28-5D03-46F9-AF7E-343C56980B60}.Debug ACAD|x64.Build.0 = Debug ACAD|x64
		{A8C63A28-5D03-46F9-AF7E-343C56980B60}.Debug NCAD|Win32.ActiveCfg = Debug NCAD|Win32
		{A8C63A28-5D03-46F9-AF7E-343C56980B60}.Debug NCAD|Win32.Build.0 = Debug NCAD|Win32
		{A8C63A28-5D03-46F9-AF7E-343C56980B60}.Debug NCAD|x64.ActiveCfg = Debug NCAD|x64
		{A8C63A28-5D03-46F9-AF7E-343C56980B60}.Debug NCAD|x64.Build.0 = Debug NCAD|x64
		{A8C63A28-5D03-46F9-AF7E-343C56980B60}.Release ACAD|Win32.ActiveCfg = Release ACAD|Win32
		{A8C63A28-5D03-46F9-AF7E-343C56980B60}.Release ACAD|Win32.Build.0 = Release ACAD|Win32
		{A8C63A28-5D03-46F9-AF7E-343C56980B60}.Release ACAD|x64.ActiveCfg = Release ACAD|x64
		{A8C63A28-5D03-46F9-AF7E-343C56980B60}.Release ACAD|x64.Build.0 = Release ACAD|x64
		{A8C63A28-5D03-46F9-AF7E-343C56980B60}.Release NCAD|Win32.ActiveCfg = Release NCAD|Win32
		{A8C63A28-5D03-46F9-AF7E-343C56980B60}.Release NCAD|Win32.Build.0 = Release NCAD|Win32
		{A8C63A28-5D03-46F9-AF7E-343C56980B60}.Release NCAD|x64.ActiveCfg = Release NCAD|x64
		{A8C63A28-5D03-46F9-AF7E-343C56980B60}.Release NCAD|x64.Build.0 = Release NCAD|x64
		{745C0CEA-48A0-4F92-8C28-95CFB13870FD}.Debug ACAD|Win32.ActiveCfg = Debug ACAD|Win32
		{745C0CEA-48A0-4F92-8C28-95CFB13870FD}.Debug ACAD|x64.ActiveCfg = Debug ACAD|x64
		{745C0CEA-48A0-4F92-8C28-95CFB13870FD}.Debug NCAD|Win32.ActiveCfg = Debug NCAD|Win32
		{745C0CEA-48A0-4F92-8C28-95CFB13870FD}.Debug NCAD|Win32.Build.0 = Debug NCAD|Win32
		{745C0CEA-48A0-4F92-8C28-95CFB13870FD}.Debug NCAD|x64.ActiveCfg = Debug NCAD|x64
		{745C0CEA-48A0-4F92-8C28-95CFB13870FD}.Debug NCAD|x64.Build.0 = Debug NCAD|x64
		{745C0CEA-48A0-4F92-8C28-95CFB13870FD}.Release ACAD|Win32.ActiveCfg = Release ACAD|Win32
		{745C0CEA-48A0-4F92-8C28-95CFB13870FD}.Release ACAD|x64.ActiveCfg = Release ACAD|x64
		{745C0CEA-48A0-4F92-8C28-95CFB13870FD}.Release NCAD|Win32.ActiveCfg = Release NCAD|Win32
		{745C0CEA-48A0-4F92-8C28-95CFB13870FD}.Release NCAD|Win32.Build.0 = Release NCAD|Win32
		{745C0CEA-48A0-4F92-8C28-95CFB13870FD}.Release NCAD|x64.ActiveCfg = Release NCAD|x64
		{745C0CEA-48A0-4F92-8C28-95CFB13870FD}.Release NCAD|x64.Build.0 = Release NCAD|x64
		{F0AFFF05-168E-4C49-A5ED-DFF8283E9171}.Debug ACAD|Win32.ActiveCfg = Debug ACAD|Win32
		{F0AFFF05-168E-4C49-A5ED-DFF8283E9171}.Debug ACAD|Win32.Build.0 = Debug ACAD|Win32
		{F0AFFF05-168E-4C49-A5ED-DFF8283E9171}.Debug ACAD|x64.ActiveCfg = Debug ACAD|x64
		{F0AFFF05-168E-4C49-A5ED-DFF8283E9171}.Debug ACAD|x64.Build.0 = Debug ACAD|x64
		{F0AFFF05-168E-4C49-A5ED-DFF8283E9171}.Debug NCAD|Win32.ActiveCfg = Debug NCAD|Win32
		{F0AFFF05-168E-4C49-A5ED-DFF8283E9171}.Debug NCAD|Win32.Build.0 = Debug NCAD|Win32
		{F0AFFF05-168E-4C49-A5ED-DFF8283E9171}.Debug NCAD|x64.ActiveCfg = Debug NCAD|x64
		{F0AFFF05-168E-4C49-A5ED-DFF8283E9171}.Debug NCAD|x64.Build.0 = Debug NCAD|x64
		{F0AFFF05-168E-4C49-A5ED-DFF8283E9171}.Release ACAD|Win32.ActiveCfg = Release ACAD|Win32
		{F0AFFF05-168E-4C49-A5ED-DFF8283E9171}.Release ACAD|Win32.Build.0 = Release ACAD|Win32
		{F0AFFF05-168E-4C49-A5ED-DFF8283E9171}.Release ACAD|x64.ActiveCfg = Release ACAD|x64
		{F0AFFF05-168E-4C49-A5ED-DFF8283E9171}.Release ACAD|x64.Build.0 = Release ACAD|x64
		{F0AFFF05-168E-4C49-A5ED-DFF8283E9171}.Release NCAD|Win32.ActiveCfg = Release NCAD|Win32
		{F0AFFF05-168E-4C49-A5ED-DFF8283E9171}.Release NCAD|Win32.Build.0 = Release NCAD|Win32
		{F0AFFF05-168E-4C49-A5ED-DFF8283E9171}.Release NCAD|x64.ActiveCfg = Release NCAD|x64
		{F0AFFF05-168E-4C49-A5ED-DFF8283E9171}.Release NCAD|x64.Build.0 = Release NCAD|x64
	EndGlobalSection
	GlobalSection(SolutionProperties) = preSolution
		HideSolutionNode = FALSE
	EndGlobalSection
	GlobalSection(NestedProjects) = preSolution
		{62446312-613F-4EF1-9704-0D581767F0C2} = {9BDC0000-E2FC-4CD2-93E2-2E768B361574}
		{A0ADE616-5D25-434A-9596-B930C11E1632} = {62446312-613F-4EF1-9704-0D581767F0C2}
		{260BAE81-4957-4241-92D7-46CDF84BF227} = {62446312-613F-4EF1-9704-0D581767F0C2}
		{E1FCED5F-6A2E-421E-84DE-72ACA234B28F} = {62446312-613F-4EF1-9704-0D581767F0C2}
		{DBE70F8B-C542-4596-A4A7-AD14A66B6608} = {DFD5110C-185E-40E4-B8DF-2E4EEF046CC3}
		{2F39B50B-BD9F-4FF8-A17F-B51925F4D95D} = {DFD5110C-185E-40E4-B8DF-2E4EEF046CC3}
		{B19B6A5E-7451-4BEE-B373-143E42B9704B} = {D454073F-E8EE-453E-A536-1D70CC33DE9C}
		{D1832859-0B79-4719-B05D-E3E2241A1CDD} = {D454073F-E8EE-453E-A536-1D70CC33DE9C}
		{389C7CDA-FCF8-458B-B93E-3B140297D748} = {DFD5110C-185E-40E4-B8DF-2E4EEF046CC3}
		{A8C63A28-5D03-46F9-AF7E-343C56980B60} = {9BDC0000-E2FC-4CD2-93E2-2E768B361574}
		{745C0CEA-48A0-4F92-8C28-95CFB13870FD} = {C0337EB4-7285-47A0-B5EC-BB0C59BAD0EE}
		{F0AFFF05-168E-4C49-A5ED-DFF8283E9171} = {62446312-613F-4EF1-9704-0D581767F0C2}
	EndGlobalSection
	GlobalSection(ExtensibilityGlobals) = postSolution
		SolutionGuid = {32A5F73F-C346-45B8-92C2-7227131A4E0E}
	EndGlobalSection
EndGlobal
