
Microsoft Visual Studio Solution File, Format Version 12.00
# Visual Studio 2012
Project("{930C7802-8A8C-48F9-8165-68863BCCD9DD}") = "SamplesApp", "SamplesApp\SamplesApp.wixproj", "{CF782A4C-22F6-4373-A0AC-47F61A575F49}"
	ProjectSection(ProjectDependencies) = postProject
		{C35F609E-64B3-4C6C-A001-63C534AD79C6} = {C35F609E-64B3-4C6C-A001-63C534AD79C6}
	EndProjectSection
EndProject
Project("{8BC9CEB8-8B4A-11D0-8D11-00A0C91BC942}") = "HostCA", "HostCA\HostCA.vcxproj", "{C35F609E-64B3-4C6C-A001-63C534AD79C6}"
EndProject
Project("{8BC9CEB8-8B4A-11D0-8D11-00A0C91BC942}") = "uuidutil", "uuidutil\uuidutil.vcxproj", "{B31C35EB-351E-4EB1-895D-A414B592679D}"
EndProject
Global
	GlobalSection(SolutionConfigurationPlatforms) = preSolution
		Debug|Win32 = Debug|Win32
		Release|Win32 = Release|Win32
	EndGlobalSection
	GlobalSection(ProjectConfigurationPlatforms) = postSolution
		{CF782A4C-22F6-4373-A0AC-47F61A575F49}.Debug|Win32.ActiveCfg = Debug|x86
		{CF782A4C-22F6-4373-A0AC-47F61A575F49}.Debug|Win32.Build.0 = Debug|x86
		{CF782A4C-22F6-4373-A0AC-47F61A575F49}.Release|Win32.ActiveCfg = Release|x86
		{CF782A4C-22F6-4373-A0AC-47F61A575F49}.Release|Win32.Build.0 = Release|x86
		{C35F609E-64B3-4C6C-A001-63C534AD79C6}.Debug|Win32.ActiveCfg = Debug|Win32
		{C35F609E-64B3-4C6C-A001-63C534AD79C6}.Debug|Win32.Build.0 = Debug|Win32
		{C35F609E-64B3-4C6C-A001-63C534AD79C6}.Release|Win32.ActiveCfg = Release|Win32
		{C35F609E-64B3-4C6C-A001-63C534AD79C6}.Release|Win32.Build.0 = Release|Win32
		{B31C35EB-351E-4EB1-895D-A414B592679D}.Debug|Win32.ActiveCfg = Debug|Win32
		{B31C35EB-351E-4EB1-895D-A414B592679D}.Debug|Win32.Build.0 = Debug|Win32
		{B31C35EB-351E-4EB1-895D-A414B592679D}.Release|Win32.ActiveCfg = Release|Win32
		{B31C35EB-351E-4EB1-895D-A414B592679D}.Release|Win32.Build.0 = Release|Win32
	EndGlobalSection
	GlobalSection(SolutionProperties) = preSolution
		HideSolutionNode = FALSE
	EndGlobalSection
EndGlobal
